Microsoft Visual Studio Solution File, Format Version 12.00

Project("{FAE04EC0-301F-11D3-BF4B-00C04F79EFBC}") = "Scraper", "Scraper\Scraper.csproj", "{728755A5-75F7-46E9-A554-1D59C79994D1}"
EndProject

Project("{FAE04EC0-301F-11D3-BF4B-00C04F79EFBC}") = "App", "App\App.csproj", "{D380A4A4-9CDA-4832-9BC3-A6FCACBBEBA9}"
EndProject

Project("{FAE04EC0-301F-11D3-BF4B-00C04F79EFBC}") = "Data", "Data\Data.csproj", "{B51E6F2E-A593-4E35-9088-D0A8F431C432}"
EndProject

Project("{FAE04EC0-301F-11D3-BF4B-00C04F79EFBC}") = "Commons", "Commons\Commons.csproj", "{B75262E2-4482-42E2-B37E-48ABB31DC925}"
EndProject

Global

	GlobalSection(SolutionConfigurationPlatforms) = preSolution
		Debug|Any CPU = Debug|Any CPU
		Release|Any CPU = Release|Any CPU
	EndGlobalSection

	GlobalSection(ProjectConfigurationPlatforms) = postSolution

		{728755A5-75F7-46E9-A554-1D59C79994D1}.Debug|Any CPU.ActiveCfg = Debug|Any CPU
		{728755A5-75F7-46E9-A554-1D59C79994D1}.Debug|Any CPU.Build.0 = Debug|Any CPU
		{728755A5-75F7-46E9-A554-1D59C79994D1}.Release|Any CPU.ActiveCfg = Release|Any CPU
		{728755A5-75F7-46E9-A554-1D59C79994D1}.Release|Any CPU.Build.0 = Release|Any CPU

		{D380A4A4-9CDA-4832-9BC3-A6FCACBBEBA9}.Debug|Any CPU.ActiveCfg = Debug|Any CPU
		{D380A4A4-9CDA-4832-9BC3-A6FCACBBEBA9}.Debug|Any CPU.Build.0 = Debug|Any CPU
		{D380A4A4-9CDA-4832-9BC3-A6FCACBBEBA9}.Release|Any CPU.ActiveCfg = Release|Any CPU
		{D380A4A4-9CDA-4832-9BC3-A6FCACBBEBA9}.Release|Any CPU.Build.0 = Release|Any CPU

		{B51E6F2E-A593-4E35-9088-D0A8F431C432}.Debug|Any CPU.ActiveCfg = Debug|Any CPU
		{B51E6F2E-A593-4E35-9088-D0A8F431C432}.Debug|Any CPU.Build.0 = Debug|Any CPU
		{B51E6F2E-A593-4E35-9088-D0A8F431C432}.Release|Any CPU.ActiveCfg = Release|Any CPU
		{B51E6F2E-A593-4E35-9088-D0A8F431C432}.Release|Any CPU.Build.0 = Release|Any CPU

		{B75262E2-4482-42E2-B37E-48ABB31DC925}.Debug|Any CPU.ActiveCfg = Debug|Any CPU
		{B75262E2-4482-42E2-B37E-48ABB31DC925}.Debug|Any CPU.Build.0 = Debug|Any CPU
		{B75262E2-4482-42E2-B37E-48ABB31DC925}.Release|Any CPU.ActiveCfg = Release|Any CPU
		{B75262E2-4482-42E2-B37E-48ABB31DC925}.Release|Any CPU.Build.0 = Release|Any CPU

	EndGlobalSection

EndGlobal